// !$*UTF8*$!
{
	archiveVersion = 1;
	classes = {
	};
	objectVersion = 46;
	objects = {

/* Begin PBXBuildFile section */
		F82991F51A7DA1FE0052CE29 /* ResultsViewController.swift in Sources */ = {isa = PBXBuildFile; fileRef = F82991F41A7DA1FE0052CE29 /* ResultsViewController.swift */; };
		F82991F71A7DA5EA0052CE29 /* ResultCell.swift in Sources */ = {isa = PBXBuildFile; fileRef = F82991F61A7DA5EA0052CE29 /* ResultCell.swift */; };
		F899E2EA1B0CC57300F86A6B /* View.storyboard in Resources */ = {isa = PBXBuildFile; fileRef = F899E2E81B0CC57300F86A6B /* View.storyboard */; };
		F8B9C79F1A7E47B000104FED /* ResultModel.swift in Sources */ = {isa = PBXBuildFile; fileRef = F8B9C79E1A7E47B000104FED /* ResultModel.swift */; };
		F8D3AFE01A0D10480000F40B /* AppDelegate.swift in Sources */ = {isa = PBXBuildFile; fileRef = F8D3AFDF1A0D10480000F40B /* AppDelegate.swift */; };
		F8D3AFE21A0D10480000F40B /* ViewController.swift in Sources */ = {isa = PBXBuildFile; fileRef = F8D3AFE11A0D10480000F40B /* ViewController.swift */; };
		F8D3AFE71A0D10480000F40B /* Images.xcassets in Resources */ = {isa = PBXBuildFile; fileRef = F8D3AFE61A0D10480000F40B /* Images.xcassets */; };
		F8D3AFEA1A0D10480000F40B /* LaunchScreen.xib in Resources */ = {isa = PBXBuildFile; fileRef = F8D3AFE81A0D10480000F40B /* LaunchScreen.xib */; };
		F8D3AFF61A0D10480000F40B /* ProjectThreeTests.swift in Sources */ = {isa = PBXBuildFile; fileRef = F8D3AFF51A0D10480000F40B /* ProjectThreeTests.swift */; };
/* End PBXBuildFile section */

/* Begin PBXContainerItemProxy section */
		F8D3AFF01A0D10480000F40B /* PBXContainerItemProxy */ = {
			isa = PBXContainerItemProxy;
			containerPortal = F8D3AFD21A0D10480000F40B /* Project object */;
			proxyType = 1;
			remoteGlobalIDString = F8D3AFD91A0D10480000F40B;
			remoteInfo = ProjectThree;
		};
/* End PBXContainerItemProxy section */

/* Begin PBXFileReference section */
		F82991F41A7DA1FE0052CE29 /* ResultsViewController.swift */ = {isa = PBXFileReference; fileEncoding = 4; lastKnownFileType = sourcecode.swift; name = ResultsViewController.swift; path = ../ResultsViewController.swift; sourceTree = "<group>"; };
		F82991F61A7DA5EA0052CE29 /* ResultCell.swift */ = {isa = PBXFileReference; fileEncoding = 4; lastKnownFileType = sourcecode.swift; path = ResultCell.swift; sourceTree = "<group>"; };
		F899E2E91B0CC57300F86A6B /* Base */ = {isa = PBXFileReference; lastKnownFileType = file.storyboard; name = Base; path = Base.lproj/View.storyboard; sourceTree = "<group>"; };
		F8B9C79E1A7E47B000104FED /* ResultModel.swift */ = {isa = PBXFileReference; fileEncoding = 4; lastKnownFileType = sourcecode.swift; path = ResultModel.swift; sourceTree = "<group>"; };
		F8D3AFDA1A0D10480000F40B /* ProjectThree.app */ = {isa = PBXFileReference; explicitFileType = wrapper.application; includeInIndex = 0; path = ProjectThree.app; sourceTree = BUILT_PRODUCTS_DIR; };
		F8D3AFDE1A0D10480000F40B /* Info.plist */ = {isa = PBXFileReference; lastKnownFileType = text.plist.xml; path = Info.plist; sourceTree = "<group>"; };
		F8D3AFDF1A0D10480000F40B /* AppDelegate.swift */ = {isa = PBXFileReference; lastKnownFileType = sourcecode.swift; path = AppDelegate.swift; sourceTree = "<group>"; };
		F8D3AFE11A0D10480000F40B /* ViewController.swift */ = {isa = PBXFileReference; lastKnownFileType = sourcecode.swift; path = ViewController.swift; sourceTree = "<group>"; };
		F8D3AFE61A0D10480000F40B /* Images.xcassets */ = {isa = PBXFileReference; lastKnownFileType = folder.assetcatalog; path = Images.xcassets; sourceTree = "<group>"; };
		F8D3AFE91A0D10480000F40B /* Base */ = {isa = PBXFileReference; lastKnownFileType = file.xib; name = Base; path = Base.lproj/LaunchScreen.xib; sourceTree = "<group>"; };
		F8D3AFEF1A0D10480000F40B /* ProjectThreeTests.xctest */ = {isa = PBXFileReference; explicitFileType = wrapper.cfbundle; includeInIndex = 0; path = ProjectThreeTests.xctest; sourceTree = BUILT_PRODUCTS_DIR; };
		F8D3AFF41A0D10480000F40B /* Info.plist */ = {isa = PBXFileReference; lastKnownFileType = text.plist.xml; path = Info.plist; sourceTree = "<group>"; };
		F8D3AFF51A0D10480000F40B /* ProjectThreeTests.swift */ = {isa = PBXFileReference; lastKnownFileType = sourcecode.swift; path = ProjectThreeTests.swift; sourceTree = "<group>"; };
/* End PBXFileReference section */

/* Begin PBXFrameworksBuildPhase section */
		F8D3AFD71A0D10480000F40B /* Frameworks */ = {
			isa = PBXFrameworksBuildPhase;
			buildActionMask = 2147483647;
			files = (
			);
			runOnlyForDeploymentPostprocessing = 0;
		};
		F8D3AFEC1A0D10480000F40B /* Frameworks */ = {
			isa = PBXFrameworksBuildPhase;
			buildActionMask = 2147483647;
			files = (
			);
			runOnlyForDeploymentPostprocessing = 0;
		};
/* End PBXFrameworksBuildPhase section */

/* Begin PBXGroup section */
		F8D3AFD11A0D10480000F40B = {
			isa = PBXGroup;
			children = (
				F8D3AFDC1A0D10480000F40B /* ProjectThree */,
				F8D3AFF21A0D10480000F40B /* ProjectThreeTests */,
				F8D3AFDB1A0D10480000F40B /* Products */,
			);
			sourceTree = "<group>";
		};
		F8D3AFDB1A0D10480000F40B /* Products */ = {
			isa = PBXGroup;
			children = (
				F8D3AFDA1A0D10480000F40B /* ProjectThree.app */,
				F8D3AFEF1A0D10480000F40B /* ProjectThreeTests.xctest */,
			);
			name = Products;
			sourceTree = "<group>";
		};
		F8D3AFDC1A0D10480000F40B /* ProjectThree */ = {
			isa = PBXGroup;
			children = (
				F8D3AFDF1A0D10480000F40B /* AppDelegate.swift */,
				F8D3AFE11A0D10480000F40B /* ViewController.swift */,
				F8B9C79E1A7E47B000104FED /* ResultModel.swift */,
				F82991F41A7DA1FE0052CE29 /* ResultsViewController.swift */,
				F899E2E81B0CC57300F86A6B /* View.storyboard */,
				F82991F61A7DA5EA0052CE29 /* ResultCell.swift */,
				F8D3AFE61A0D10480000F40B /* Images.xcassets */,
				F8D3AFE81A0D10480000F40B /* LaunchScreen.xib */,
				F8D3AFDD1A0D10480000F40B /* Supporting Files */,
			);
			path = ProjectThree;
			sourceTree = "<group>";
		};
		F8D3AFDD1A0D10480000F40B /* Supporting Files */ = {
			isa = PBXGroup;
			children = (
				F8D3AFDE1A0D10480000F40B /* Info.plist */,
			);
			name = "Supporting Files";
			sourceTree = "<group>";
		};
		F8D3AFF21A0D10480000F40B /* ProjectThreeTests */ = {
			isa = PBXGroup;
			children = (
				F8D3AFF51A0D10480000F40B /* ProjectThreeTests.swift */,
				F8D3AFF31A0D10480000F40B /* Supporting Files */,
			);
			path = ProjectThreeTests;
			sourceTree = "<group>";
		};
		F8D3AFF31A0D10480000F40B /* Supporting Files */ = {
			isa = PBXGroup;
			children = (
				F8D3AFF41A0D10480000F40B /* Info.plist */,
			);
			name = "Supporting Files";
			sourceTree = "<group>";
		};
/* End PBXGroup section */

/* Begin PBXNativeTarget section */
		F8D3AFD91A0D10480000F40B /* ProjectThree */ = {
			isa = PBXNativeTarget;
			buildConfigurationList = F8D3AFF91A0D10480000F40B /* Build configuration list for PBXNativeTarget "ProjectThree" */;
			buildPhases = (
				F8D3AFD61A0D10480000F40B /* Sources */,
				F8D3AFD71A0D10480000F40B /* Frameworks */,
				F8D3AFD81A0D10480000F40B /* Resources */,
			);
			buildRules = (
			);
			dependencies = (
			);
			name = ProjectThree;
			productName = ProjectThree;
			productReference = F8D3AFDA1A0D10480000F40B /* ProjectThree.app */;
			productType = "com.apple.product-type.application";
		};
		F8D3AFEE1A0D10480000F40B /* ProjectThreeTests */ = {
			isa = PBXNativeTarget;
			buildConfigurationList = F8D3AFFC1A0D10480000F40B /* Build configuration list for PBXNativeTarget "ProjectThreeTests" */;
			buildPhases = (
				F8D3AFEB1A0D10480000F40B /* Sources */,
				F8D3AFEC1A0D10480000F40B /* Frameworks */,
				F8D3AFED1A0D10480000F40B /* Resources */,
			);
			buildRules = (
			);
			dependencies = (
				F8D3AFF11A0D10480000F40B /* PBXTargetDependency */,
			);
			name = ProjectThreeTests;
			productName = ProjectThreeTests;
			productReference = F8D3AFEF1A0D10480000F40B /* ProjectThreeTests.xctest */;
			productType = "com.apple.product-type.bundle.unit-test";
		};
/* End PBXNativeTarget section */

/* Begin PBXProject section */
		F8D3AFD21A0D10480000F40B /* Project object */ = {
			isa = PBXProject;
			attributes = {
				LastUpgradeCheck = 0610;
				ORGANIZATIONNAME = "Marek Fořt";
				TargetAttributes = {
					F8D3AFD91A0D10480000F40B = {
						CreatedOnToolsVersion = 6.1;
						DevelopmentTeam = QH95ER52SG;
					};
					F8D3AFEE1A0D10480000F40B = {
						CreatedOnToolsVersion = 6.1;
						DevelopmentTeam = QH95ER52SG;
						TestTargetID = F8D3AFD91A0D10480000F40B;
					};
				};
			};
			buildConfigurationList = F8D3AFD51A0D10480000F40B /* Build configuration list for PBXProject "ProjectThree" */;
			compatibilityVersion = "Xcode 3.2";
			developmentRegion = English;
			hasScannedForEncodings = 0;
			knownRegions = (
				en,
				Base,
			);
			mainGroup = F8D3AFD11A0D10480000F40B;
			productRefGroup = F8D3AFDB1A0D10480000F40B /* Products */;
			projectDirPath = "";
			projectRoot = "";
			targets = (
				F8D3AFD91A0D10480000F40B /* ProjectThree */,
				F8D3AFEE1A0D10480000F40B /* ProjectThreeTests */,
			);
		};
/* End PBXProject section */

/* Begin PBXResourcesBuildPhase section */
		F8D3AFD81A0D10480000F40B /* Resources */ = {
			isa = PBXResourcesBuildPhase;
			buildActionMask = 2147483647;
			files = (
				F899E2EA1B0CC57300F86A6B /* View.storyboard in Resources */,
				F8D3AFEA1A0D10480000F40B /* LaunchScreen.xib in Resources */,
				F8D3AFE71A0D10480000F40B /* Images.xcassets in Resources */,
			);
			runOnlyForDeploymentPostprocessing = 0;
		};
		F8D3AFED1A0D10480000F40B /* Resources */ = {
			isa = PBXResourcesBuildPhase;
			buildActionMask = 2147483647;
			files = (
			);
			runOnlyForDeploymentPostprocessing = 0;
		};
/* End PBXResourcesBuildPhase section */

/* Begin PBXSourcesBuildPhase section */
		F8D3AFD61A0D10480000F40B /* Sources */ = {
			isa = PBXSourcesBuildPhase;
			buildActionMask = 2147483647;
			files = (
				F8D3AFE21A0D10480000F40B /* ViewController.swift in Sources */,
				F8D3AFE01A0D10480000F40B /* AppDelegate.swift in Sources */,
				F82991F71A7DA5EA0052CE29 /* ResultCell.swift in Sources */,
				F8B9C79F1A7E47B000104FED /* ResultModel.swift in Sources */,
				F82991F51A7DA1FE0052CE29 /* ResultsViewController.swift in Sources */,
			);
			runOnlyForDeploymentPostprocessing = 0;
		};
		F8D3AFEB1A0D10480000F40B /* Sources */ = {
			isa = PBXSourcesBuildPhase;
			buildActionMask = 2147483647;
			files = (
				F8D3AFF61A0D10480000F40B /* ProjectThreeTests.swift in Sources */,
			);
			runOnlyForDeploymentPostprocessing = 0;
		};
/* End PBXSourcesBuildPhase section */

/* Begin PBXTargetDependency section */
		F8D3AFF11A0D10480000F40B /* PBXTargetDependency */ = {
			isa = PBXTargetDependency;
			target = F8D3AFD91A0D10480000F40B /* ProjectThree */;
			targetProxy = F8D3AFF01A0D10480000F40B /* PBXContainerItemProxy */;
		};
/* End PBXTargetDependency section */

/* Begin PBXVariantGroup section */
		F899E2E81B0CC57300F86A6B /* View.storyboard */ = {
			isa = PBXVariantGroup;
			children = (
				F899E2E91B0CC57300F86A6B /* Base */,
			);
			name = View.storyboard;
			sourceTree = "<group>";
		};
		F8D3AFE81A0D10480000F40B /* LaunchScreen.xib */ = {
			isa = PBXVariantGroup;
			children = (
				F8D3AFE91A0D10480000F40B /* Base */,
			);
			name = LaunchScreen.xib;
			sourceTree = "<group>";
		};
/* End PBXVariantGroup section */

/* Begin XCBuildConfiguration section */
		F8D3AFF71A0D10480000F40B /* Debug */ = {
			isa = XCBuildConfiguration;
			buildSettings = {
				ALWAYS_SEARCH_USER_PATHS = NO;
				CLANG_CXX_LANGUAGE_STANDARD = "gnu++0x";
				CLANG_CXX_LIBRARY = "libc++";
				CLANG_ENABLE_MODULES = YES;
				CLANG_ENABLE_OBJC_ARC = YES;
				CLANG_WARN_BOOL_CONVERSION = YES;
				CLANG_WARN_CONSTANT_CONVERSION = YES;
				CLANG_WARN_DIRECT_OBJC_ISA_USAGE = YES_ERROR;
				CLANG_WARN_EMPTY_BODY = YES;
				CLANG_WARN_ENUM_CONVERSION = YES;
				CLANG_WARN_INT_CONVERSION = YES;
				CLANG_WARN_OBJC_ROOT_CLASS = YES_ERROR;
				CLANG_WARN_UNREACHABLE_CODE = YES;
				CLANG_WARN__DUPLICATE_METHOD_MATCH = YES;
				"CODE_SIGN_IDENTITY[sdk=iphoneos*]" = "iPhone Developer";
				COPY_PHASE_STRIP = NO;
				ENABLE_STRICT_OBJC_MSGSEND = YES;
				GCC_C_LANGUAGE_STANDARD = gnu99;
				GCC_DYNAMIC_NO_PIC = NO;
				GCC_OPTIMIZATION_LEVEL = 0;
				GCC_PREPROCESSOR_DEFINITIONS = (
					"DEBUG=1",
					"$(inherited)",
				);
				GCC_SYMBOLS_PRIVATE_EXTERN = NO;
				GCC_WARN_64_TO_32_BIT_CONVERSION = YES;
				GCC_WARN_ABOUT_RETURN_TYPE = YES_ERROR;
				GCC_WARN_UNDECLARED_SELECTOR = YES;
				GCC_WARN_UNINITIALIZED_AUTOS = YES_AGGRESSIVE;
				GCC_WARN_UNUSED_FUNCTION = YES;
				GCC_WARN_UNUSED_VARIABLE = YES;
				IPHONEOS_DEPLOYMENT_TARGET = 8.1;
				MTL_ENABLE_DEBUG_INFO = YES;
				ONLY_ACTIVE_ARCH = YES;
				SDKROOT = iphoneos;
				SWIFT_OPTIMIZATION_LEVEL = "-Onone";
			};
			name = Debug;
		};
		F8D3AFF81A0D10480000F40B /* Release */ = {
			isa = XCBuildConfiguration;
			buildSettings = {
				ALWAYS_SEARCH_USER_PATHS = NO;
				CLANG_CXX_LANGUAGE_STANDARD = "gnu++0x";
				CLANG_CXX_LIBRARY = "libc++";
				CLANG_ENABLE_MODULES = YES;
				CLANG_ENABLE_OBJC_ARC = YES;
				CLANG_WARN_BOOL_CONVERSION = YES;
				CLANG_WARN_CONSTANT_CONVERSION = YES;
				CLANG_WARN_DIRECT_OBJC_ISA_USAGE = YES_ERROR;
				CLANG_WARN_EMPTY_BODY = YES;
				CLANG_WARN_ENUM_CONVERSION = YES;
				CLANG_WARN_INT_CONVERSION = YES;
				CLANG_WARN_OBJC_ROOT_CLASS = YES_ERROR;
				CLANG_WARN_UNREACHABLE_CODE = YES;
				CLANG_WARN__DUPLICATE_METHOD_MATCH = YES;
				"CODE_SIGN_IDENTITY[sdk=iphoneos*]" = "iPhone Developer";
				COPY_PHASE_STRIP = YES;
				ENABLE_NS_ASSERTIONS = NO;
				ENABLE_STRICT_OBJC_MSGSEND = YES;
				GCC_C_LANGUAGE_STANDARD = gnu99;
				GCC_WARN_64_TO_32_BIT_CONVERSION = YES;
				GCC_WARN_ABOUT_RETURN_TYPE = YES_ERROR;
				GCC_WARN_UNDECLARED_SELECTOR = YES;
				GCC_WARN_UNINITIALIZED_AUTOS = YES_AGGRESSIVE;
				GCC_WARN_UNUSED_FUNCTION = YES;
				GCC_WARN_UNUSED_VARIABLE = YES;
				IPHONEOS_DEPLOYMENT_TARGET = 8.1;
				MTL_ENABLE_DEBUG_INFO = NO;
				SDKROOT = iphoneos;
				VALIDATE_PRODUCT = YES;
			};
			name = Release;
		};
		F8D3AFFA1A0D10480000F40B /* Debug */ = {
			isa = XCBuildConfiguration;
			buildSettings = {
				ASSETCATALOG_COMPILER_APPICON_NAME = AppIcon;
				INFOPLIST_FILE = ProjectThree/Info.plist;
				IPHONEOS_DEPLOYMENT_TARGET = 8.2;
				LD_RUNPATH_SEARCH_PATHS = "$(inherited) @executable_path/Frameworks";
				PRODUCT_NAME = "$(TARGET_NAME)";
				TARGETED_DEVICE_FAMILY = 1;
			};
			name = Debug;
		};
		F8D3AFFB1A0D10480000F40B /* Release */ = {
			isa = XCBuildConfiguration;
			buildSettings = {
				ASSETCATALOG_COMPILER_APPICON_NAME = AppIcon;
				INFOPLIST_FILE = ProjectThree/Info.plist;
				IPHONEOS_DEPLOYMENT_TARGET = 8.2;
				LD_RUNPATH_SEARCH_PATHS = "$(inherited) @executable_path/Frameworks";
				PRODUCT_NAME = "$(TARGET_NAME)";
				TARGETED_DEVICE_FAMILY = 1;
			};
			name = Release;
		};
		F8D3AFFD1A0D10480000F40B /* Debug */ = {
			isa = XCBuildConfiguration;
			buildSettings = {
				BUNDLE_LOADER = "$(TEST_HOST)";
				CODE_SIGN_IDENTITY = "iPhone Developer";
				"CODE_SIGN_IDENTITY[sdk=iphoneos*]" = "iPhone Developer";
				FRAMEWORK_SEARCH_PATHS = (
					"$(SDKROOT)/Developer/Library/Frameworks",
					"$(inherited)",
				);
				GCC_PREPROCESSOR_DEFINITIONS = (
					"DEBUG=1",
					"$(inherited)",
				);
				INFOPLIST_FILE = ProjectThreeTests/Info.plist;
				LD_RUNPATH_SEARCH_PATHS = "$(inherited) @executable_path/Frameworks @loader_path/Frameworks";
				PRODUCT_NAME = "$(TARGET_NAME)";
				PROVISIONING_PROFILE = "";
				TEST_HOST = "$(BUILT_PRODUCTS_DIR)/ProjectThree.app/ProjectThree";
			};
			name = Debug;
		};
		F8D3AFFE1A0D10480000F40B /* Release */ = {
			isa = XCBuildConfiguration;
			buildSettings = {
				BUNDLE_LOADER = "$(TEST_HOST)";
				CODE_SIGN_IDENTITY = "iPhone Developer";
				"CODE_SIGN_IDENTITY[sdk=iphoneos*]" = "iPhone Developer";
				FRAMEWORK_SEARCH_PATHS = (
					"$(SDKROOT)/Developer/Library/Frameworks",
					"$(inherited)",
				);
				INFOPLIST_FILE = ProjectThreeTests/Info.plist;
				LD_RUNPATH_SEARCH_PATHS = "$(inherited) @executable_path/Frameworks @loader_path/Frameworks";
				PRODUCT_NAME = "$(TARGET_NAME)";
				PROVISIONING_PROFILE = "";
				TEST_HOST = "$(BUILT_PRODUCTS_DIR)/ProjectThree.app/ProjectThree";
			};
			name = Release;
		};
/* End XCBuildConfiguration section */

/* Begin XCConfigurationList section */
		F8D3AFD51A0D10480000F40B /* Build configuration list for PBXProject "ProjectThree" */ = {
			isa = XCConfigurationList;
			buildConfigurations = (
				F8D3AFF71A0D10480000F40B /* Debug */,
				F8D3AFF81A0D10480000F40B /* Release */,
			);
			defaultConfigurationIsVisible = 0;
			defaultConfigurationName = Release;
		};
		F8D3AFF91A0D10480000F40B /* Build configuration list for PBXNativeTarget "ProjectThree" */ = {
			isa = XCConfigurationList;
			buildConfigurations = (
				F8D3AFFA1A0D10480000F40B /* Debug */,
				F8D3AFFB1A0D10480000F40B /* Release */,
			);
			defaultConfigurationIsVisible = 0;
			defaultConfigurationName = Release;
		};
		F8D3AFFC1A0D10480000F40B /* Build configuration list for PBXNativeTarget "ProjectThreeTests" */ = {
			isa = XCConfigurationList;
			buildConfigurations = (
				F8D3AFFD1A0D10480000F40B /* Debug */,
				F8D3AFFE1A0D10480000F40B /* Release */,
			);
			defaultConfigurationIsVisible = 0;
			defaultConfigurationName = Release;
		};
/* End XCConfigurationList section */
	};
	rootObject = F8D3AFD21A0D10480000F40B /* Project object */;
}
